
Microsoft Visual Studio Solution File, Format Version 12.00
# Visual Studio Version 17
VisualStudioVersion = 17.7.34024.191
MinimumVisualStudioVersion = 10.0.40219.1
Project("{FAE04EC0-301F-11D3-BF4B-00C04F79EFBC}") = "hardware_prediction_expert_system", "hardware_prediction_expert_system.csproj", "{1A5FC368-9ABF-4FE5-AEC6-B768EDC07DD1}"
EndProject
Global
	GlobalSection(SolutionConfigurationPlatforms) = preSolution
		Debug|Any CPU = Debug|Any CPU
		Debug|x86 = Debug|x86
		Release|Any CPU = Release|Any CPU
		Release|x86 = Release|x86
	EndGlobalSection
	GlobalSection(ProjectConfigurationPlatforms) = postSolution
		{1A5FC368-9ABF-4FE5-AEC6-B768EDC07DD1}.Debug|Any CPU.ActiveCfg = Debug|Any CPU
		{1A5FC368-9ABF-4FE5-AEC6-B768EDC07DD1}.Debug|Any CPU.Build.0 = Debug|Any CPU
		{1A5FC368-9ABF-4FE5-AEC6-B768EDC07DD1}.Debug|x86.ActiveCfg = Debug|x86
		{1A5FC368-9ABF-4FE5-AEC6-B768EDC07DD1}.Debug|x86.Build.0 = Debug|x86
		{1A5FC368-9ABF-4FE5-AEC6-B768EDC07DD1}.Release|Any CPU.ActiveCfg = Release|Any CPU
		{1A5FC368-9ABF-4FE5-AEC6-B768EDC07DD1}.Release|Any CPU.Build.0 = Release|Any CPU
		{1A5FC368-9ABF-4FE5-AEC6-B768EDC07DD1}.Release|x86.ActiveCfg = Release|x86
		{1A5FC368-9ABF-4FE5-AEC6-B768EDC07DD1}.Release|x86.Build.0 = Release|x86
	EndGlobalSection
	GlobalSection(SolutionProperties) = preSolution
		HideSolutionNode = FALSE
	EndGlobalSection
	GlobalSection(ExtensibilityGlobals) = postSolution
		SolutionGuid = {8F908C75-6F06-4CB9-8D18-926FD432C410}
	EndGlobalSection
EndGlobal
